// !$*UTF8*$!
{
	archiveVersion = 1;
	classes = {
	};
	objectVersion = 56;
	objects = {

/* Begin PBXBuildFile section */
		3B30BB3129C376F00063B763 /* FragBookApp.swift in Sources */ = {isa = PBXBuildFile; fileRef = 3B30BB3029C376F00063B763 /* FragBookApp.swift */; };
		3B30BB3329C376F00063B763 /* ContentView.swift in Sources */ = {isa = PBXBuildFile; fileRef = 3B30BB3229C376F00063B763 /* ContentView.swift */; };
		3B30BB3529C376F10063B763 /* Assets.xcassets in Resources */ = {isa = PBXBuildFile; fileRef = 3B30BB3429C376F10063B763 /* Assets.xcassets */; };
		3B30BB3829C376F10063B763 /* Preview Assets.xcassets in Resources */ = {isa = PBXBuildFile; fileRef = 3B30BB3729C376F10063B763 /* Preview Assets.xcassets */; };
		3B30BB3F29C378070063B763 /* EditorView.swift in Sources */ = {isa = PBXBuildFile; fileRef = 3B30BB3E29C378070063B763 /* EditorView.swift */; };
		3B30BB4129C37ACB0063B763 /* PreviewView.swift in Sources */ = {isa = PBXBuildFile; fileRef = 3B30BB4029C37ACB0063B763 /* PreviewView.swift */; };
		3B30BB4529C381EB0063B763 /* OrientationSensitiveStack.swift in Sources */ = {isa = PBXBuildFile; fileRef = 3B30BB4429C381EB0063B763 /* OrientationSensitiveStack.swift */; };
		3B30BB4729C39CED0063B763 /* RenderedView.swift in Sources */ = {isa = PBXBuildFile; fileRef = 3B30BB4629C39CED0063B763 /* RenderedView.swift */; };
		3B30BB4929C39D360063B763 /* Renderer.swift in Sources */ = {isa = PBXBuildFile; fileRef = 3B30BB4829C39D360063B763 /* Renderer.swift */; };
		3B30BB4C29C44FC00063B763 /* Vertex.metal in Sources */ = {isa = PBXBuildFile; fileRef = 3B30BB4B29C44FC00063B763 /* Vertex.metal */; };
/* End PBXBuildFile section */

/* Begin PBXFileReference section */
		3B30BB2D29C376F00063B763 /* FragBook.app */ = {isa = PBXFileReference; explicitFileType = wrapper.application; includeInIndex = 0; path = FragBook.app; sourceTree = BUILT_PRODUCTS_DIR; };
		3B30BB3029C376F00063B763 /* FragBookApp.swift */ = {isa = PBXFileReference; lastKnownFileType = sourcecode.swift; path = FragBookApp.swift; sourceTree = "<group>"; };
		3B30BB3229C376F00063B763 /* ContentView.swift */ = {isa = PBXFileReference; lastKnownFileType = sourcecode.swift; path = ContentView.swift; sourceTree = "<group>"; };
		3B30BB3429C376F10063B763 /* Assets.xcassets */ = {isa = PBXFileReference; lastKnownFileType = folder.assetcatalog; path = Assets.xcassets; sourceTree = "<group>"; };
		3B30BB3729C376F10063B763 /* Preview Assets.xcassets */ = {isa = PBXFileReference; lastKnownFileType = folder.assetcatalog; path = "Preview Assets.xcassets"; sourceTree = "<group>"; };
		3B30BB3E29C378070063B763 /* EditorView.swift */ = {isa = PBXFileReference; lastKnownFileType = sourcecode.swift; path = EditorView.swift; sourceTree = "<group>"; };
		3B30BB4029C37ACB0063B763 /* PreviewView.swift */ = {isa = PBXFileReference; lastKnownFileType = sourcecode.swift; path = PreviewView.swift; sourceTree = "<group>"; };
		3B30BB4429C381EB0063B763 /* OrientationSensitiveStack.swift */ = {isa = PBXFileReference; lastKnownFileType = sourcecode.swift; path = OrientationSensitiveStack.swift; sourceTree = "<group>"; };
		3B30BB4629C39CED0063B763 /* RenderedView.swift */ = {isa = PBXFileReference; lastKnownFileType = sourcecode.swift; path = RenderedView.swift; sourceTree = "<group>"; };
		3B30BB4829C39D360063B763 /* Renderer.swift */ = {isa = PBXFileReference; lastKnownFileType = sourcecode.swift; path = Renderer.swift; sourceTree = "<group>"; };
		3B30BB4A29C3A6FE0063B763 /* definitions.h */ = {isa = PBXFileReference; lastKnownFileType = sourcecode.c.h; path = definitions.h; sourceTree = "<group>"; };
		3B30BB4B29C44FC00063B763 /* Vertex.metal */ = {isa = PBXFileReference; lastKnownFileType = sourcecode.metal; path = Vertex.metal; sourceTree = "<group>"; };
/* End PBXFileReference section */

/* Begin PBXFrameworksBuildPhase section */
		3B30BB2A29C376F00063B763 /* Frameworks */ = {
			isa = PBXFrameworksBuildPhase;
			buildActionMask = 2147483647;
			files = (
			);
			runOnlyForDeploymentPostprocessing = 0;
		};
/* End PBXFrameworksBuildPhase section */

/* Begin PBXGroup section */
		3B30BB2429C376F00063B763 = {
			isa = PBXGroup;
			children = (
				3B30BB2F29C376F00063B763 /* FragBook */,
				3B30BB2E29C376F00063B763 /* Products */,
			);
			sourceTree = "<group>";
		};
		3B30BB2E29C376F00063B763 /* Products */ = {
			isa = PBXGroup;
			children = (
				3B30BB2D29C376F00063B763 /* FragBook.app */,
			);
			name = Products;
			sourceTree = "<group>";
		};
		3B30BB2F29C376F00063B763 /* FragBook */ = {
			isa = PBXGroup;
			children = (
				3B30BB3029C376F00063B763 /* FragBookApp.swift */,
				3B30BB3229C376F00063B763 /* ContentView.swift */,
				3B30BB4629C39CED0063B763 /* RenderedView.swift */,
				3B30BB4829C39D360063B763 /* Renderer.swift */,
				3B30BB4B29C44FC00063B763 /* Vertex.metal */,
				3B30BB4A29C3A6FE0063B763 /* definitions.h */,
				3B30BB4429C381EB0063B763 /* OrientationSensitiveStack.swift */,
				3B30BB4029C37ACB0063B763 /* PreviewView.swift */,
				3B30BB3E29C378070063B763 /* EditorView.swift */,
				3B30BB3429C376F10063B763 /* Assets.xcassets */,
				3B30BB3629C376F10063B763 /* Preview Content */,
			);
			path = FragBook;
			sourceTree = "<group>";
		};
		3B30BB3629C376F10063B763 /* Preview Content */ = {
			isa = PBXGroup;
			children = (
				3B30BB3729C376F10063B763 /* Preview Assets.xcassets */,
			);
			path = "Preview Content";
			sourceTree = "<group>";
		};
/* End PBXGroup section */

/* Begin PBXNativeTarget section */
		3B30BB2C29C376F00063B763 /* FragBook */ = {
			isa = PBXNativeTarget;
			buildConfigurationList = 3B30BB3B29C376F10063B763 /* Build configuration list for PBXNativeTarget "FragBook" */;
			buildPhases = (
				3B30BB2929C376F00063B763 /* Sources */,
				3B30BB2A29C376F00063B763 /* Frameworks */,
				3B30BB2B29C376F00063B763 /* Resources */,
			);
			buildRules = (
			);
			dependencies = (
			);
			name = FragBook;
			productName = FragBook;
			productReference = 3B30BB2D29C376F00063B763 /* FragBook.app */;
			productType = "com.apple.product-type.application";
		};
/* End PBXNativeTarget section */

/* Begin PBXProject section */
		3B30BB2529C376F00063B763 /* Project object */ = {
			isa = PBXProject;
			attributes = {
				BuildIndependentTargetsInParallel = 1;
				LastSwiftUpdateCheck = 1420;
				LastUpgradeCheck = 1420;
				TargetAttributes = {
					3B30BB2C29C376F00063B763 = {
						CreatedOnToolsVersion = 14.2;
					};
				};
			};
			buildConfigurationList = 3B30BB2829C376F00063B763 /* Build configuration list for PBXProject "FragBook" */;
			compatibilityVersion = "Xcode 14.0";
			developmentRegion = en;
			hasScannedForEncodings = 0;
			knownRegions = (
				en,
				Base,
			);
			mainGroup = 3B30BB2429C376F00063B763;
			productRefGroup = 3B30BB2E29C376F00063B763 /* Products */;
			projectDirPath = "";
			projectRoot = "";
			targets = (
				3B30BB2C29C376F00063B763 /* FragBook */,
			);
		};
/* End PBXProject section */

/* Begin PBXResourcesBuildPhase section */
		3B30BB2B29C376F00063B763 /* Resources */ = {
			isa = PBXResourcesBuildPhase;
			buildActionMask = 2147483647;
			files = (
				3B30BB3829C376F10063B763 /* Preview Assets.xcassets in Resources */,
				3B30BB3529C376F10063B763 /* Assets.xcassets in Resources */,
			);
			runOnlyForDeploymentPostprocessing = 0;
		};
/* End PBXResourcesBuildPhase section */

/* Begin PBXSourcesBuildPhase section */
		3B30BB2929C376F00063B763 /* Sources */ = {
			isa = PBXSourcesBuildPhase;
			buildActionMask = 2147483647;
			files = (
				3B30BB4529C381EB0063B763 /* OrientationSensitiveStack.swift in Sources */,
				3B30BB3F29C378070063B763 /* EditorView.swift in Sources */,
				3B30BB4929C39D360063B763 /* Renderer.swift in Sources */,
				3B30BB4C29C44FC00063B763 /* Vertex.metal in Sources */,
				3B30BB4129C37ACB0063B763 /* PreviewView.swift in Sources */,
				3B30BB3329C376F00063B763 /* ContentView.swift in Sources */,
				3B30BB3129C376F00063B763 /* FragBookApp.swift in Sources */,
				3B30BB4729C39CED0063B763 /* RenderedView.swift in Sources */,
			);
			runOnlyForDeploymentPostprocessing = 0;
		};
/* End PBXSourcesBuildPhase section */

/* Begin XCBuildConfiguration section */
		3B30BB3929C376F10063B763 /* Debug */ = {
			isa = XCBuildConfiguration;
			buildSettings = {
				ALWAYS_SEARCH_USER_PATHS = NO;
				CLANG_ANALYZER_NONNULL = YES;
				CLANG_ANALYZER_NUMBER_OBJECT_CONVERSION = YES_AGGRESSIVE;
				CLANG_CXX_LANGUAGE_STANDARD = "gnu++20";
				CLANG_ENABLE_MODULES = YES;
				CLANG_ENABLE_OBJC_ARC = YES;
				CLANG_ENABLE_OBJC_WEAK = YES;
				CLANG_WARN_BLOCK_CAPTURE_AUTORELEASING = YES;
				CLANG_WARN_BOOL_CONVERSION = YES;
				CLANG_WARN_COMMA = YES;
				CLANG_WARN_CONSTANT_CONVERSION = YES;
				CLANG_WARN_DEPRECATED_OBJC_IMPLEMENTATIONS = YES;
				CLANG_WARN_DIRECT_OBJC_ISA_USAGE = YES_ERROR;
				CLANG_WARN_DOCUMENTATION_COMMENTS = YES;
				CLANG_WARN_EMPTY_BODY = YES;
				CLANG_WARN_ENUM_CONVERSION = YES;
				CLANG_WARN_INFINITE_RECURSION = YES;
				CLANG_WARN_INT_CONVERSION = YES;
				CLANG_WARN_NON_LITERAL_NULL_CONVERSION = YES;
				CLANG_WARN_OBJC_IMPLICIT_RETAIN_SELF = YES;
				CLANG_WARN_OBJC_LITERAL_CONVERSION = YES;
				CLANG_WARN_OBJC_ROOT_CLASS = YES_ERROR;
				CLANG_WARN_QUOTED_INCLUDE_IN_FRAMEWORK_HEADER = YES;
				CLANG_WARN_RANGE_LOOP_ANALYSIS = YES;
				CLANG_WARN_STRICT_PROTOTYPES = YES;
				CLANG_WARN_SUSPICIOUS_MOVE = YES;
				CLANG_WARN_UNGUARDED_AVAILABILITY = YES_AGGRESSIVE;
				CLANG_WARN_UNREACHABLE_CODE = YES;
				CLANG_WARN__DUPLICATE_METHOD_MATCH = YES;
				COPY_PHASE_STRIP = NO;
				DEBUG_INFORMATION_FORMAT = dwarf;
				ENABLE_STRICT_OBJC_MSGSEND = YES;
				ENABLE_TESTABILITY = YES;
				GCC_C_LANGUAGE_STANDARD = gnu11;
				GCC_DYNAMIC_NO_PIC = NO;
				GCC_NO_COMMON_BLOCKS = YES;
				GCC_OPTIMIZATION_LEVEL = 0;
				GCC_PREPROCESSOR_DEFINITIONS = (
					"DEBUG=1",
					"$(inherited)",
				);
				GCC_WARN_64_TO_32_BIT_CONVERSION = YES;
				GCC_WARN_ABOUT_RETURN_TYPE = YES_ERROR;
				GCC_WARN_UNDECLARED_SELECTOR = YES;
				GCC_WARN_UNINITIALIZED_AUTOS = YES_AGGRESSIVE;
				GCC_WARN_UNUSED_FUNCTION = YES;
				GCC_WARN_UNUSED_VARIABLE = YES;
				IPHONEOS_DEPLOYMENT_TARGET = 16.2;
				MTL_ENABLE_DEBUG_INFO = INCLUDE_SOURCE;
				MTL_FAST_MATH = YES;
				ONLY_ACTIVE_ARCH = YES;
				SDKROOT = iphoneos;
				SWIFT_ACTIVE_COMPILATION_CONDITIONS = DEBUG;
				SWIFT_OPTIMIZATION_LEVEL = "-Onone";
			};
			name = Debug;
		};
		3B30BB3A29C376F10063B763 /* Release */ = {
			isa = XCBuildConfiguration;
			buildSettings = {
				ALWAYS_SEARCH_USER_PATHS = NO;
				CLANG_ANALYZER_NONNULL = YES;
				CLANG_ANALYZER_NUMBER_OBJECT_CONVERSION = YES_AGGRESSIVE;
				CLANG_CXX_LANGUAGE_STANDARD = "gnu++20";
				CLANG_ENABLE_MODULES = YES;
				CLANG_ENABLE_OBJC_ARC = YES;
				CLANG_ENABLE_OBJC_WEAK = YES;
				CLANG_WARN_BLOCK_CAPTURE_AUTORELEASING = YES;
				CLANG_WARN_BOOL_CONVERSION = YES;
				CLANG_WARN_COMMA = YES;
				CLANG_WARN_CONSTANT_CONVERSION = YES;
				CLANG_WARN_DEPRECATED_OBJC_IMPLEMENTATIONS = YES;
				CLANG_WARN_DIRECT_OBJC_ISA_USAGE = YES_ERROR;
				CLANG_WARN_DOCUMENTATION_COMMENTS = YES;
				CLANG_WARN_EMPTY_BODY = YES;
				CLANG_WARN_ENUM_CONVERSION = YES;
				CLANG_WARN_INFINITE_RECURSION = YES;
				CLANG_WARN_INT_CONVERSION = YES;
				CLANG_WARN_NON_LITERAL_NULL_CONVERSION = YES;
				CLANG_WARN_OBJC_IMPLICIT_RETAIN_SELF = YES;
				CLANG_WARN_OBJC_LITERAL_CONVERSION = YES;
				CLANG_WARN_OBJC_ROOT_CLASS = YES_ERROR;
				CLANG_WARN_QUOTED_INCLUDE_IN_FRAMEWORK_HEADER = YES;
				CLANG_WARN_RANGE_LOOP_ANALYSIS = YES;
				CLANG_WARN_STRICT_PROTOTYPES = YES;
				CLANG_WARN_SUSPICIOUS_MOVE = YES;
				CLANG_WARN_UNGUARDED_AVAILABILITY = YES_AGGRESSIVE;
				CLANG_WARN_UNREACHABLE_CODE = YES;
				CLANG_WARN__DUPLICATE_METHOD_MATCH = YES;
				COPY_PHASE_STRIP = NO;
				DEBUG_INFORMATION_FORMAT = "dwarf-with-dsym";
				ENABLE_NS_ASSERTIONS = NO;
				ENABLE_STRICT_OBJC_MSGSEND = YES;
				GCC_C_LANGUAGE_STANDARD = gnu11;
				GCC_NO_COMMON_BLOCKS = YES;
				GCC_WARN_64_TO_32_BIT_CONVERSION = YES;
				GCC_WARN_ABOUT_RETURN_TYPE = YES_ERROR;
				GCC_WARN_UNDECLARED_SELECTOR = YES;
				GCC_WARN_UNINITIALIZED_AUTOS = YES_AGGRESSIVE;
				GCC_WARN_UNUSED_FUNCTION = YES;
				GCC_WARN_UNUSED_VARIABLE = YES;
				IPHONEOS_DEPLOYMENT_TARGET = 16.2;
				MTL_ENABLE_DEBUG_INFO = NO;
				MTL_FAST_MATH = YES;
				SDKROOT = iphoneos;
				SWIFT_COMPILATION_MODE = wholemodule;
				SWIFT_OPTIMIZATION_LEVEL = "-O";
				VALIDATE_PRODUCT = YES;
			};
			name = Release;
		};
		3B30BB3C29C376F10063B763 /* Debug */ = {
			isa = XCBuildConfiguration;
			buildSettings = {
				ASSETCATALOG_COMPILER_APPICON_NAME = AppIcon;
				ASSETCATALOG_COMPILER_GLOBAL_ACCENT_COLOR_NAME = AccentColor;
				CODE_SIGN_STYLE = Automatic;
				CURRENT_PROJECT_VERSION = 1;
				DEVELOPMENT_ASSET_PATHS = "\"FragBook/Preview Content\"";
				DEVELOPMENT_TEAM = APZ7LTKAJA;
				ENABLE_PREVIEWS = YES;
				GENERATE_INFOPLIST_FILE = YES;
				INFOPLIST_KEY_UIApplicationSceneManifest_Generation = YES;
				INFOPLIST_KEY_UIApplicationSupportsIndirectInputEvents = YES;
				INFOPLIST_KEY_UILaunchScreen_Generation = YES;
				INFOPLIST_KEY_UISupportedInterfaceOrientations_iPad = "UIInterfaceOrientationPortrait UIInterfaceOrientationPortraitUpsideDown UIInterfaceOrientationLandscapeLeft UIInterfaceOrientationLandscapeRight";
				INFOPLIST_KEY_UISupportedInterfaceOrientations_iPhone = "UIInterfaceOrientationPortrait UIInterfaceOrientationLandscapeLeft UIInterfaceOrientationLandscapeRight";
				LD_RUNPATH_SEARCH_PATHS = (
					"$(inherited)",
					"@executable_path/Frameworks",
				);
				MARKETING_VERSION = 1.0;
				PRODUCT_BUNDLE_IDENTIFIER = org.piskiewicz.FragBook;
				PRODUCT_NAME = "$(TARGET_NAME)";
				SWIFT_EMIT_LOC_STRINGS = YES;
				SWIFT_OBJC_BRIDGING_HEADER = FragBook/definitions.h;
				SWIFT_VERSION = 5.0;
				TARGETED_DEVICE_FAMILY = "1,2";
			};
			name = Debug;
		};
		3B30BB3D29C376F10063B763 /* Release */ = {
			isa = XCBuildConfiguration;
			buildSettings = {
				ASSETCATALOG_COMPILER_APPICON_NAME = AppIcon;
				ASSETCATALOG_COMPILER_GLOBAL_ACCENT_COLOR_NAME = AccentColor;
				CODE_SIGN_STYLE = Automatic;
				CURRENT_PROJECT_VERSION = 1;
				DEVELOPMENT_ASSET_PATHS = "\"FragBook/Preview Content\"";
				DEVELOPMENT_TEAM = APZ7LTKAJA;
				ENABLE_PREVIEWS = YES;
				GENERATE_INFOPLIST_FILE = YES;
				INFOPLIST_KEY_UIApplicationSceneManifest_Generation = YES;
				INFOPLIST_KEY_UIApplicationSupportsIndirectInputEvents = YES;
				INFOPLIST_KEY_UILaunchScreen_Generation = YES;
				INFOPLIST_KEY_UISupportedInterfaceOrientations_iPad = "UIInterfaceOrientationPortrait UIInterfaceOrientationPortraitUpsideDown UIInterfaceOrientationLandscapeLeft UIInterfaceOrientationLandscapeRight";
				INFOPLIST_KEY_UISupportedInterfaceOrientations_iPhone = "UIInterfaceOrientationPortrait UIInterfaceOrientationLandscapeLeft UIInterfaceOrientationLandscapeRight";
				LD_RUNPATH_SEARCH_PATHS = (
					"$(inherited)",
					"@executable_path/Frameworks",
				);
				MARKETING_VERSION = 1.0;
				PRODUCT_BUNDLE_IDENTIFIER = org.piskiewicz.FragBook;
				PRODUCT_NAME = "$(TARGET_NAME)";
				SWIFT_EMIT_LOC_STRINGS = YES;
				SWIFT_OBJC_BRIDGING_HEADER = FragBook/definitions.h;
				SWIFT_VERSION = 5.0;
				TARGETED_DEVICE_FAMILY = "1,2";
			};
			name = Release;
		};
/* End XCBuildConfiguration section */

/* Begin XCConfigurationList section */
		3B30BB2829C376F00063B763 /* Build configuration list for PBXProject "FragBook" */ = {
			isa = XCConfigurationList;
			buildConfigurations = (
				3B30BB3929C376F10063B763 /* Debug */,
				3B30BB3A29C376F10063B763 /* Release */,
			);
			defaultConfigurationIsVisible = 0;
			defaultConfigurationName = Release;
		};
		3B30BB3B29C376F10063B763 /* Build configuration list for PBXNativeTarget "FragBook" */ = {
			isa = XCConfigurationList;
			buildConfigurations = (
				3B30BB3C29C376F10063B763 /* Debug */,
				3B30BB3D29C376F10063B763 /* Release */,
			);
			defaultConfigurationIsVisible = 0;
			defaultConfigurationName = Release;
		};
/* End XCConfigurationList section */
	};
	rootObject = 3B30BB2529C376F00063B763 /* Project object */;
}
